
Microsoft Visual Studio Solution File, Format Version 12.00
# Visual Studio 15
VisualStudioVersion = 15.0.27130.2024
MinimumVisualStudioVersion = 10.0.40219.1
Project("{FAE04EC0-301F-11D3-BF4B-00C04F79EFBC}") = "Pomsole", "Pomsole\Pomsole.csproj", "{A2B79107-D9CF-4845-B703-F0933B70B198}"
EndProject
Project("{FAE04EC0-301F-11D3-BF4B-00C04F79EFBC}") = "Pomsole.Core", "Pomsole.Core\Pomsole.Core.csproj", "{CE76DBBA-17F0-408A-820E-D3B061ED8A46}"
EndProject
Global
	GlobalSection(SolutionConfigurationPlatforms) = preSolution
		Debug|Any CPU = Debug|Any CPU
		Release|Any CPU = Release|Any CPU
	EndGlobalSection
	GlobalSection(ProjectConfigurationPlatforms) = postSolution
		{A2B79107-D9CF-4845-B703-F0933B70B198}.Debug|Any CPU.ActiveCfg = Debug|Any CPU
		{A2B79107-D9CF-4845-B703-F0933B70B198}.Debug|Any CPU.Build.0 = Debug|Any CPU
		{A2B79107-D9CF-4845-B703-F0933B70B198}.Release|Any CPU.ActiveCfg = Release|Any CPU
		{A2B79107-D9CF-4845-B703-F0933B70B198}.Release|Any CPU.Build.0 = Release|Any CPU
		{CE76DBBA-17F0-408A-820E-D3B061ED8A46}.Debug|Any CPU.ActiveCfg = Debug|Any CPU
		{CE76DBBA-17F0-408A-820E-D3B061ED8A46}.Debug|Any CPU.Build.0 = Debug|Any CPU
		{CE76DBBA-17F0-408A-820E-D3B061ED8A46}.Release|Any CPU.ActiveCfg = Release|Any CPU
		{CE76DBBA-17F0-408A-820E-D3B061ED8A46}.Release|Any CPU.Build.0 = Release|Any CPU
	EndGlobalSection
	GlobalSection(SolutionProperties) = preSolution
		HideSolutionNode = FALSE
	EndGlobalSection
	GlobalSection(ExtensibilityGlobals) = postSolution
		SolutionGuid = {31D37F61-D945-45BD-BDE6-5BFF1F1BBFA9}
	EndGlobalSection
EndGlobal
